
Microsoft Visual Studio Solution File, Format Version 12.00
# Visual Studio Version 17
VisualStudioVersion = 17.7.34202.233
MinimumVisualStudioVersion = 10.0.40219.1
Project("{FAE04EC0-301F-11D3-BF4B-00C04F79EFBC}") = "project 1", "project 1\project 1.csproj", "{031AE63E-3EE5-495F-A718-C7EA2298C33D}"
EndProject
Global
	GlobalSection(SolutionConfigurationPlatforms) = preSolution
		Debug|Any CPU = Debug|Any CPU
		Release|Any CPU = Release|Any CPU
	EndGlobalSection
	GlobalSection(ProjectConfigurationPlatforms) = postSolution
		{031AE63E-3EE5-495F-A718-C7EA2298C33D}.Debug|Any CPU.ActiveCfg = Debug|Any CPU
		{031AE63E-3EE5-495F-A718-C7EA2298C33D}.Debug|Any CPU.Build.0 = Debug|Any CPU
		{031AE63E-3EE5-495F-A718-C7EA2298C33D}.Release|Any CPU.ActiveCfg = Release|Any CPU
		{031AE63E-3EE5-495F-A718-C7EA2298C33D}.Release|Any CPU.Build.0 = Release|Any CPU
	EndGlobalSection
	GlobalSection(SolutionProperties) = preSolution
		HideSolutionNode = FALSE
	EndGlobalSection
	GlobalSection(ExtensibilityGlobals) = postSolution
		SolutionGuid = {D7EC03C9-47E4-4E3E-AD9D-D8D4A1A06B91}
	EndGlobalSection
EndGlobal
